
Microsoft Visual Studio Solution File, Format Version 12.00
# Visual Studio Version 16
VisualStudioVersion = 16.0.29911.84
MinimumVisualStudioVersion = 10.0.40219.1
Project("{FAE04EC0-301F-11D3-BF4B-00C04F79EFBC}") = "C_sharp_Pokedex", "C_sharp_Pokedex\C_sharp_Pokedex.csproj", "{3E811348-235F-4E1F-B949-FCFD0F756547}"
EndProject
Global
	GlobalSection(SolutionConfigurationPlatforms) = preSolution
		Debug|Any CPU = Debug|Any CPU
		Release|Any CPU = Release|Any CPU
	EndGlobalSection
	GlobalSection(ProjectConfigurationPlatforms) = postSolution
		{3E811348-235F-4E1F-B949-FCFD0F756547}.Debug|Any CPU.ActiveCfg = Debug|Any CPU
		{3E811348-235F-4E1F-B949-FCFD0F756547}.Debug|Any CPU.Build.0 = Debug|Any CPU
		{3E811348-235F-4E1F-B949-FCFD0F756547}.Release|Any CPU.ActiveCfg = Release|Any CPU
		{3E811348-235F-4E1F-B949-FCFD0F756547}.Release|Any CPU.Build.0 = Release|Any CPU
	EndGlobalSection
	GlobalSection(SolutionProperties) = preSolution
		HideSolutionNode = FALSE
	EndGlobalSection
	GlobalSection(ExtensibilityGlobals) = postSolution
		SolutionGuid = {A56BC3CA-6731-4892-821F-CA4677FB88DF}
	EndGlobalSection
EndGlobal
